
Microsoft Visual Studio Solution File, Format Version 12.00
# Visual Studio Version 16
VisualStudioVersion = 16.0.30413.136
MinimumVisualStudioVersion = 10.0.40219.1
Project("{FAE04EC0-301F-11D3-BF4B-00C04F79EFBC}") = "PS212030", "PS212030.csproj", "{10DA7C80-615C-4350-9DCC-F7F7E93F9801}"
EndProject
Global
	GlobalSection(SolutionConfigurationPlatforms) = preSolution
		Debug|Any CPU = Debug|Any CPU
		Release|Any CPU = Release|Any CPU
	EndGlobalSection
	GlobalSection(ProjectConfigurationPlatforms) = postSolution
		{10DA7C80-615C-4350-9DCC-F7F7E93F9801}.Debug|Any CPU.ActiveCfg = Debug|Any CPU
		{10DA7C80-615C-4350-9DCC-F7F7E93F9801}.Debug|Any CPU.Build.0 = Debug|Any CPU
		{10DA7C80-615C-4350-9DCC-F7F7E93F9801}.Release|Any CPU.ActiveCfg = Release|Any CPU
		{10DA7C80-615C-4350-9DCC-F7F7E93F9801}.Release|Any CPU.Build.0 = Release|Any CPU
	EndGlobalSection
	GlobalSection(SolutionProperties) = preSolution
		HideSolutionNode = FALSE
	EndGlobalSection
	GlobalSection(ExtensibilityGlobals) = postSolution
		SolutionGuid = {F95C6825-007E-4E3E-8594-46255FFCCF93}
	EndGlobalSection
EndGlobal
